
Microsoft Visual Studio Solution File, Format Version 12.00
# Visual Studio Version 17
VisualStudioVersion = 17.9.34902.65
MinimumVisualStudioVersion = 10.0.40219.1
Project("{FAE04EC0-301F-11D3-BF4B-00C04F79EFBC}") = "Proyecto paradigmas matafuegos", "Proyecto paradigmas matafuegos\Proyecto paradigmas matafuegos.csproj", "{D4D13B9E-2830-413D-B4E2-4F2914165FD1}"
EndProject
Global
	GlobalSection(SolutionConfigurationPlatforms) = preSolution
		Debug|Any CPU = Debug|Any CPU
		Release|Any CPU = Release|Any CPU
	EndGlobalSection
	GlobalSection(ProjectConfigurationPlatforms) = postSolution
		{D4D13B9E-2830-413D-B4E2-4F2914165FD1}.Debug|Any CPU.ActiveCfg = Debug|Any CPU
		{D4D13B9E-2830-413D-B4E2-4F2914165FD1}.Debug|Any CPU.Build.0 = Debug|Any CPU
		{D4D13B9E-2830-413D-B4E2-4F2914165FD1}.Release|Any CPU.ActiveCfg = Release|Any CPU
		{D4D13B9E-2830-413D-B4E2-4F2914165FD1}.Release|Any CPU.Build.0 = Release|Any CPU
	EndGlobalSection
	GlobalSection(SolutionProperties) = preSolution
		HideSolutionNode = FALSE
	EndGlobalSection
	GlobalSection(ExtensibilityGlobals) = postSolution
		SolutionGuid = {B735D846-DD85-44D1-BE7A-A8F271DD919C}
	EndGlobalSection
EndGlobal
